// !$*UTF8*$!
{
	archiveVersion = 1;
	classes = {
	};
	objectVersion = 77;
	objects = {

/* Begin PBXContainerItemProxy section */
		ADDF0B332DB4C2440079666A /* PBXContainerItemProxy */ = {
			isa = PBXContainerItemProxy;
			containerPortal = ADDF0B1A2DB4C2420079666A /* Project object */;
			proxyType = 1;
			remoteGlobalIDString = ADDF0B212DB4C2420079666A;
			remoteInfo = DogPoopTracker;
		};
		ADDF0B3D2DB4C2440079666A /* PBXContainerItemProxy */ = {
			isa = PBXContainerItemProxy;
			containerPortal = ADDF0B1A2DB4C2420079666A /* Project object */;
			proxyType = 1;
			remoteGlobalIDString = ADDF0B212DB4C2420079666A;
			remoteInfo = DogPoopTracker;
		};
/* End PBXContainerItemProxy section */

/* Begin PBXFileReference section */
		ADDF0B222DB4C2420079666A /* DogPoopTracker.app */ = {isa = PBXFileReference; explicitFileType = wrapper.application; includeInIndex = 0; path = DogPoopTracker.app; sourceTree = BUILT_PRODUCTS_DIR; };
		ADDF0B322DB4C2440079666A /* DogPoopTrackerTests.xctest */ = {isa = PBXFileReference; explicitFileType = wrapper.cfbundle; includeInIndex = 0; path = DogPoopTrackerTests.xctest; sourceTree = BUILT_PRODUCTS_DIR; };
		ADDF0B3C2DB4C2440079666A /* DogPoopTrackerUITests.xctest */ = {isa = PBXFileReference; explicitFileType = wrapper.cfbundle; includeInIndex = 0; path = DogPoopTrackerUITests.xctest; sourceTree = BUILT_PRODUCTS_DIR; };
/* End PBXFileReference section */

/* Begin PBXFileSystemSynchronizedRootGroup section */
		ADDF0B242DB4C2420079666A /* DogPoopTracker */ = {
			isa = PBXFileSystemSynchronizedRootGroup;
			path = DogPoopTracker;
			sourceTree = "<group>";
		};
		ADDF0B352DB4C2440079666A /* DogPoopTrackerTests */ = {
			isa = PBXFileSystemSynchronizedRootGroup;
			path = DogPoopTrackerTests;
			sourceTree = "<group>";
		};
		ADDF0B3F2DB4C2440079666A /* DogPoopTrackerUITests */ = {
			isa = PBXFileSystemSynchronizedRootGroup;
			path = DogPoopTrackerUITests;
			sourceTree = "<group>";
		};
/* End PBXFileSystemSynchronizedRootGroup section */

/* Begin PBXFrameworksBuildPhase section */
		ADDF0B1F2DB4C2420079666A /* Frameworks */ = {
			isa = PBXFrameworksBuildPhase;
			buildActionMask = 2147483647;
			files = (
			);
			runOnlyForDeploymentPostprocessing = 0;
		};
		ADDF0B2F2DB4C2440079666A /* Frameworks */ = {
			isa = PBXFrameworksBuildPhase;
			buildActionMask = 2147483647;
			files = (
			);
			runOnlyForDeploymentPostprocessing = 0;
		};
		ADDF0B392DB4C2440079666A /* Frameworks */ = {
			isa = PBXFrameworksBuildPhase;
			buildActionMask = 2147483647;
			files = (
			);
			runOnlyForDeploymentPostprocessing = 0;
		};
/* End PBXFrameworksBuildPhase section */

/* Begin PBXGroup section */
		ADDF0B192DB4C2420079666A = {
			isa = PBXGroup;
			children = (
				ADDF0B242DB4C2420079666A /* DogPoopTracker */,
				ADDF0B352DB4C2440079666A /* DogPoopTrackerTests */,
				ADDF0B3F2DB4C2440079666A /* DogPoopTrackerUITests */,
				ADDF0B232DB4C2420079666A /* Products */,
			);
			sourceTree = "<group>";
		};
		ADDF0B232DB4C2420079666A /* Products */ = {
			isa = PBXGroup;
			children = (
				ADDF0B222DB4C2420079666A /* DogPoopTracker.app */,
				ADDF0B322DB4C2440079666A /* DogPoopTrackerTests.xctest */,
				ADDF0B3C2DB4C2440079666A /* DogPoopTrackerUITests.xctest */,
			);
			name = Products;
			sourceTree = "<group>";
		};
/* End PBXGroup section */

/* Begin PBXNativeTarget section */
		ADDF0B212DB4C2420079666A /* DogPoopTracker */ = {
			isa = PBXNativeTarget;
			buildConfigurationList = ADDF0B462DB4C2440079666A /* Build configuration list for PBXNativeTarget "DogPoopTracker" */;
			buildPhases = (
				ADDF0B1E2DB4C2420079666A /* Sources */,
				ADDF0B1F2DB4C2420079666A /* Frameworks */,
				ADDF0B202DB4C2420079666A /* Resources */,
			);
			buildRules = (
			);
			dependencies = (
			);
			fileSystemSynchronizedGroups = (
				ADDF0B242DB4C2420079666A /* DogPoopTracker */,
			);
			name = DogPoopTracker;
			packageProductDependencies = (
			);
			productName = DogPoopTracker;
			productReference = ADDF0B222DB4C2420079666A /* DogPoopTracker.app */;
			productType = "com.apple.product-type.application";
		};
		ADDF0B312DB4C2440079666A /* DogPoopTrackerTests */ = {
			isa = PBXNativeTarget;
			buildConfigurationList = ADDF0B492DB4C2440079666A /* Build configuration list for PBXNativeTarget "DogPoopTrackerTests" */;
			buildPhases = (
				ADDF0B2E2DB4C2440079666A /* Sources */,
				ADDF0B2F2DB4C2440079666A /* Frameworks */,
				ADDF0B302DB4C2440079666A /* Resources */,
			);
			buildRules = (
			);
			dependencies = (
				ADDF0B342DB4C2440079666A /* PBXTargetDependency */,
			);
			fileSystemSynchronizedGroups = (
				ADDF0B352DB4C2440079666A /* DogPoopTrackerTests */,
			);
			name = DogPoopTrackerTests;
			packageProductDependencies = (
			);
			productName = DogPoopTrackerTests;
			productReference = ADDF0B322DB4C2440079666A /* DogPoopTrackerTests.xctest */;
			productType = "com.apple.product-type.bundle.unit-test";
		};
		ADDF0B3B2DB4C2440079666A /* DogPoopTrackerUITests */ = {
			isa = PBXNativeTarget;
			buildConfigurationList = ADDF0B4C2DB4C2440079666A /* Build configuration list for PBXNativeTarget "DogPoopTrackerUITests" */;
			buildPhases = (
				ADDF0B382DB4C2440079666A /* Sources */,
				ADDF0B392DB4C2440079666A /* Frameworks */,
				ADDF0B3A2DB4C2440079666A /* Resources */,
			);
			buildRules = (
			);
			dependencies = (
				ADDF0B3E2DB4C2440079666A /* PBXTargetDependency */,
			);
			fileSystemSynchronizedGroups = (
				ADDF0B3F2DB4C2440079666A /* DogPoopTrackerUITests */,
			);
			name = DogPoopTrackerUITests;
			packageProductDependencies = (
			);
			productName = DogPoopTrackerUITests;
			productReference = ADDF0B3C2DB4C2440079666A /* DogPoopTrackerUITests.xctest */;
			productType = "com.apple.product-type.bundle.ui-testing";
		};
/* End PBXNativeTarget section */

/* Begin PBXProject section */
		ADDF0B1A2DB4C2420079666A /* Project object */ = {
			isa = PBXProject;
			attributes = {
				BuildIndependentTargetsInParallel = 1;
				LastSwiftUpdateCheck = 1610;
				LastUpgradeCheck = 1610;
				TargetAttributes = {
					ADDF0B212DB4C2420079666A = {
						CreatedOnToolsVersion = 16.1;
					};
					ADDF0B312DB4C2440079666A = {
						CreatedOnToolsVersion = 16.1;
						TestTargetID = ADDF0B212DB4C2420079666A;
					};
					ADDF0B3B2DB4C2440079666A = {
						CreatedOnToolsVersion = 16.1;
						TestTargetID = ADDF0B212DB4C2420079666A;
					};
				};
			};
			buildConfigurationList = ADDF0B1D2DB4C2420079666A /* Build configuration list for PBXProject "DogPoopTracker" */;
			developmentRegion = en;
			hasScannedForEncodings = 0;
			knownRegions = (
				en,
				Base,
			);
			mainGroup = ADDF0B192DB4C2420079666A;
			minimizedProjectReferenceProxies = 1;
			preferredProjectObjectVersion = 77;
			productRefGroup = ADDF0B232DB4C2420079666A /* Products */;
			projectDirPath = "";
			projectRoot = "";
			targets = (
				ADDF0B212DB4C2420079666A /* DogPoopTracker */,
				ADDF0B312DB4C2440079666A /* DogPoopTrackerTests */,
				ADDF0B3B2DB4C2440079666A /* DogPoopTrackerUITests */,
			);
		};
/* End PBXProject section */

/* Begin PBXResourcesBuildPhase section */
		ADDF0B202DB4C2420079666A /* Resources */ = {
			isa = PBXResourcesBuildPhase;
			buildActionMask = 2147483647;
			files = (
			);
			runOnlyForDeploymentPostprocessing = 0;
		};
		ADDF0B302DB4C2440079666A /* Resources */ = {
			isa = PBXResourcesBuildPhase;
			buildActionMask = 2147483647;
			files = (
			);
			runOnlyForDeploymentPostprocessing = 0;
		};
		ADDF0B3A2DB4C2440079666A /* Resources */ = {
			isa = PBXResourcesBuildPhase;
			buildActionMask = 2147483647;
			files = (
			);
			runOnlyForDeploymentPostprocessing = 0;
		};
/* End PBXResourcesBuildPhase section */

/* Begin PBXSourcesBuildPhase section */
		ADDF0B1E2DB4C2420079666A /* Sources */ = {
			isa = PBXSourcesBuildPhase;
			buildActionMask = 2147483647;
			files = (
			);
			runOnlyForDeploymentPostprocessing = 0;
		};
		ADDF0B2E2DB4C2440079666A /* Sources */ = {
			isa = PBXSourcesBuildPhase;
			buildActionMask = 2147483647;
			files = (
			);
			runOnlyForDeploymentPostprocessing = 0;
		};
		ADDF0B382DB4C2440079666A /* Sources */ = {
			isa = PBXSourcesBuildPhase;
			buildActionMask = 2147483647;
			files = (
			);
			runOnlyForDeploymentPostprocessing = 0;
		};
/* End PBXSourcesBuildPhase section */

/* Begin PBXTargetDependency section */
		ADDF0B342DB4C2440079666A /* PBXTargetDependency */ = {
			isa = PBXTargetDependency;
			target = ADDF0B212DB4C2420079666A /* DogPoopTracker */;
			targetProxy = ADDF0B332DB4C2440079666A /* PBXContainerItemProxy */;
		};
		ADDF0B3E2DB4C2440079666A /* PBXTargetDependency */ = {
			isa = PBXTargetDependency;
			target = ADDF0B212DB4C2420079666A /* DogPoopTracker */;
			targetProxy = ADDF0B3D2DB4C2440079666A /* PBXContainerItemProxy */;
		};
/* End PBXTargetDependency section */

/* Begin XCBuildConfiguration section */
		ADDF0B442DB4C2440079666A /* Debug */ = {
			isa = XCBuildConfiguration;
			buildSettings = {
				ALWAYS_SEARCH_USER_PATHS = NO;
				ASSETCATALOG_COMPILER_GENERATE_SWIFT_ASSET_SYMBOL_EXTENSIONS = YES;
				CLANG_ANALYZER_NONNULL = YES;
				CLANG_ANALYZER_NUMBER_OBJECT_CONVERSION = YES_AGGRESSIVE;
				CLANG_CXX_LANGUAGE_STANDARD = "gnu++20";
				CLANG_ENABLE_MODULES = YES;
				CLANG_ENABLE_OBJC_ARC = YES;
				CLANG_ENABLE_OBJC_WEAK = YES;
				CLANG_WARN_BLOCK_CAPTURE_AUTORELEASING = YES;
				CLANG_WARN_BOOL_CONVERSION = YES;
				CLANG_WARN_COMMA = YES;
				CLANG_WARN_CONSTANT_CONVERSION = YES;
				CLANG_WARN_DEPRECATED_OBJC_IMPLEMENTATIONS = YES;
				CLANG_WARN_DIRECT_OBJC_ISA_USAGE = YES_ERROR;
				CLANG_WARN_DOCUMENTATION_COMMENTS = YES;
				CLANG_WARN_EMPTY_BODY = YES;
				CLANG_WARN_ENUM_CONVERSION = YES;
				CLANG_WARN_INFINITE_RECURSION = YES;
				CLANG_WARN_INT_CONVERSION = YES;
				CLANG_WARN_NON_LITERAL_NULL_CONVERSION = YES;
				CLANG_WARN_OBJC_IMPLICIT_RETAIN_SELF = YES;
				CLANG_WARN_OBJC_LITERAL_CONVERSION = YES;
				CLANG_WARN_OBJC_ROOT_CLASS = YES_ERROR;
				CLANG_WARN_QUOTED_INCLUDE_IN_FRAMEWORK_HEADER = YES;
				CLANG_WARN_RANGE_LOOP_ANALYSIS = YES;
				CLANG_WARN_STRICT_PROTOTYPES = YES;
				CLANG_WARN_SUSPICIOUS_MOVE = YES;
				CLANG_WARN_UNGUARDED_AVAILABILITY = YES_AGGRESSIVE;
				CLANG_WARN_UNREACHABLE_CODE = YES;
				CLANG_WARN__DUPLICATE_METHOD_MATCH = YES;
				COPY_PHASE_STRIP = NO;
				DEBUG_INFORMATION_FORMAT = dwarf;
				ENABLE_STRICT_OBJC_MSGSEND = YES;
				ENABLE_TESTABILITY = YES;
				ENABLE_USER_SCRIPT_SANDBOXING = YES;
				GCC_C_LANGUAGE_STANDARD = gnu17;
				GCC_DYNAMIC_NO_PIC = NO;
				GCC_NO_COMMON_BLOCKS = YES;
				GCC_OPTIMIZATION_LEVEL = 0;
				GCC_PREPROCESSOR_DEFINITIONS = (
					"DEBUG=1",
					"$(inherited)",
				);
				GCC_WARN_64_TO_32_BIT_CONVERSION = YES;
				GCC_WARN_ABOUT_RETURN_TYPE = YES_ERROR;
				GCC_WARN_UNDECLARED_SELECTOR = YES;
				GCC_WARN_UNINITIALIZED_AUTOS = YES_AGGRESSIVE;
				GCC_WARN_UNUSED_FUNCTION = YES;
				GCC_WARN_UNUSED_VARIABLE = YES;
				IPHONEOS_DEPLOYMENT_TARGET = 18.1;
				LOCALIZATION_PREFERS_STRING_CATALOGS = YES;
				MTL_ENABLE_DEBUG_INFO = INCLUDE_SOURCE;
				MTL_FAST_MATH = YES;
				ONLY_ACTIVE_ARCH = YES;
				SDKROOT = iphoneos;
				SWIFT_ACTIVE_COMPILATION_CONDITIONS = "DEBUG $(inherited)";
				SWIFT_OPTIMIZATION_LEVEL = "-Onone";
			};
			name = Debug;
		};
		ADDF0B452DB4C2440079666A /* Release */ = {
			isa = XCBuildConfiguration;
			buildSettings = {
				ALWAYS_SEARCH_USER_PATHS = NO;
				ASSETCATALOG_COMPILER_GENERATE_SWIFT_ASSET_SYMBOL_EXTENSIONS = YES;
				CLANG_ANALYZER_NONNULL = YES;
				CLANG_ANALYZER_NUMBER_OBJECT_CONVERSION = YES_AGGRESSIVE;
				CLANG_CXX_LANGUAGE_STANDARD = "gnu++20";
				CLANG_ENABLE_MODULES = YES;
				CLANG_ENABLE_OBJC_ARC = YES;
				CLANG_ENABLE_OBJC_WEAK = YES;
				CLANG_WARN_BLOCK_CAPTURE_AUTORELEASING = YES;
				CLANG_WARN_BOOL_CONVERSION = YES;
				CLANG_WARN_COMMA = YES;
				CLANG_WARN_CONSTANT_CONVERSION = YES;
				CLANG_WARN_DEPRECATED_OBJC_IMPLEMENTATIONS = YES;
				CLANG_WARN_DIRECT_OBJC_ISA_USAGE = YES_ERROR;
				CLANG_WARN_DOCUMENTATION_COMMENTS = YES;
				CLANG_WARN_EMPTY_BODY = YES;
				CLANG_WARN_ENUM_CONVERSION = YES;
				CLANG_WARN_INFINITE_RECURSION = YES;
				CLANG_WARN_INT_CONVERSION = YES;
				CLANG_WARN_NON_LITERAL_NULL_CONVERSION = YES;
				CLANG_WARN_OBJC_IMPLICIT_RETAIN_SELF = YES;
				CLANG_WARN_OBJC_LITERAL_CONVERSION = YES;
				CLANG_WARN_OBJC_ROOT_CLASS = YES_ERROR;
				CLANG_WARN_QUOTED_INCLUDE_IN_FRAMEWORK_HEADER = YES;
				CLANG_WARN_RANGE_LOOP_ANALYSIS = YES;
				CLANG_WARN_STRICT_PROTOTYPES = YES;
				CLANG_WARN_SUSPICIOUS_MOVE = YES;
				CLANG_WARN_UNGUARDED_AVAILABILITY = YES_AGGRESSIVE;
				CLANG_WARN_UNREACHABLE_CODE = YES;
				CLANG_WARN__DUPLICATE_METHOD_MATCH = YES;
				COPY_PHASE_STRIP = NO;
				DEBUG_INFORMATION_FORMAT = "dwarf-with-dsym";
				ENABLE_NS_ASSERTIONS = NO;
				ENABLE_STRICT_OBJC_MSGSEND = YES;
				ENABLE_USER_SCRIPT_SANDBOXING = YES;
				GCC_C_LANGUAGE_STANDARD = gnu17;
				GCC_NO_COMMON_BLOCKS = YES;
				GCC_WARN_64_TO_32_BIT_CONVERSION = YES;
				GCC_WARN_ABOUT_RETURN_TYPE = YES_ERROR;
				GCC_WARN_UNDECLARED_SELECTOR = YES;
				GCC_WARN_UNINITIALIZED_AUTOS = YES_AGGRESSIVE;
				GCC_WARN_UNUSED_FUNCTION = YES;
				GCC_WARN_UNUSED_VARIABLE = YES;
				IPHONEOS_DEPLOYMENT_TARGET = 18.1;
				LOCALIZATION_PREFERS_STRING_CATALOGS = YES;
				MTL_ENABLE_DEBUG_INFO = NO;
				MTL_FAST_MATH = YES;
				SDKROOT = iphoneos;
				SWIFT_COMPILATION_MODE = wholemodule;
				VALIDATE_PRODUCT = YES;
			};
			name = Release;
		};
		ADDF0B472DB4C2440079666A /* Debug */ = {
			isa = XCBuildConfiguration;
			buildSettings = {
				ASSETCATALOG_COMPILER_APPICON_NAME = AppIcon;
				ASSETCATALOG_COMPILER_GLOBAL_ACCENT_COLOR_NAME = AccentColor;
				CODE_SIGN_STYLE = Automatic;
				CURRENT_PROJECT_VERSION = 1;
				DEVELOPMENT_ASSET_PATHS = "\"DogPoopTracker/Preview Content\"";
				DEVELOPMENT_TEAM = 87BA6A9A8H;
				ENABLE_PREVIEWS = YES;
				GENERATE_INFOPLIST_FILE = YES;
				INFOPLIST_KEY_UIApplicationSceneManifest_Generation = YES;
				INFOPLIST_KEY_UIApplicationSupportsIndirectInputEvents = YES;
				INFOPLIST_KEY_UILaunchScreen_Generation = YES;
				INFOPLIST_KEY_UISupportedInterfaceOrientations_iPad = "UIInterfaceOrientationPortrait UIInterfaceOrientationPortraitUpsideDown UIInterfaceOrientationLandscapeLeft UIInterfaceOrientationLandscapeRight";
				INFOPLIST_KEY_UISupportedInterfaceOrientations_iPhone = "UIInterfaceOrientationPortrait UIInterfaceOrientationLandscapeLeft UIInterfaceOrientationLandscapeRight";
				LD_RUNPATH_SEARCH_PATHS = (
					"$(inherited)",
					"@executable_path/Frameworks",
				);
				MARKETING_VERSION = 1.0;
				PRODUCT_BUNDLE_IDENTIFIER = garun.DogPoopTracker;
				PRODUCT_NAME = "$(TARGET_NAME)";
				SWIFT_EMIT_LOC_STRINGS = YES;
				SWIFT_VERSION = 5.0;
				TARGETED_DEVICE_FAMILY = "1,2";
			};
			name = Debug;
		};
		ADDF0B482DB4C2440079666A /* Release */ = {
			isa = XCBuildConfiguration;
			buildSettings = {
				ASSETCATALOG_COMPILER_APPICON_NAME = AppIcon;
				ASSETCATALOG_COMPILER_GLOBAL_ACCENT_COLOR_NAME = AccentColor;
				CODE_SIGN_STYLE = Automatic;
				CURRENT_PROJECT_VERSION = 1;
				DEVELOPMENT_ASSET_PATHS = "\"DogPoopTracker/Preview Content\"";
				DEVELOPMENT_TEAM = 87BA6A9A8H;
				ENABLE_PREVIEWS = YES;
				GENERATE_INFOPLIST_FILE = YES;
				INFOPLIST_KEY_UIApplicationSceneManifest_Generation = YES;
				INFOPLIST_KEY_UIApplicationSupportsIndirectInputEvents = YES;
				INFOPLIST_KEY_UILaunchScreen_Generation = YES;
				INFOPLIST_KEY_UISupportedInterfaceOrientations_iPad = "UIInterfaceOrientationPortrait UIInterfaceOrientationPortraitUpsideDown UIInterfaceOrientationLandscapeLeft UIInterfaceOrientationLandscapeRight";
				INFOPLIST_KEY_UISupportedInterfaceOrientations_iPhone = "UIInterfaceOrientationPortrait UIInterfaceOrientationLandscapeLeft UIInterfaceOrientationLandscapeRight";
				LD_RUNPATH_SEARCH_PATHS = (
					"$(inherited)",
					"@executable_path/Frameworks",
				);
				MARKETING_VERSION = 1.0;
				PRODUCT_BUNDLE_IDENTIFIER = garun.DogPoopTracker;
				PRODUCT_NAME = "$(TARGET_NAME)";
				SWIFT_EMIT_LOC_STRINGS = YES;
				SWIFT_VERSION = 5.0;
				TARGETED_DEVICE_FAMILY = "1,2";
			};
			name = Release;
		};
		ADDF0B4A2DB4C2440079666A /* Debug */ = {
			isa = XCBuildConfiguration;
			buildSettings = {
				BUNDLE_LOADER = "$(TEST_HOST)";
				CODE_SIGN_STYLE = Automatic;
				CURRENT_PROJECT_VERSION = 1;
				DEVELOPMENT_TEAM = 87BA6A9A8H;
				GENERATE_INFOPLIST_FILE = YES;
				IPHONEOS_DEPLOYMENT_TARGET = 18.1;
				MARKETING_VERSION = 1.0;
				PRODUCT_BUNDLE_IDENTIFIER = garun.DogPoopTrackerTests;
				PRODUCT_NAME = "$(TARGET_NAME)";
				SWIFT_EMIT_LOC_STRINGS = NO;
				SWIFT_VERSION = 5.0;
				TARGETED_DEVICE_FAMILY = "1,2";
				TEST_HOST = "$(BUILT_PRODUCTS_DIR)/DogPoopTracker.app/$(BUNDLE_EXECUTABLE_FOLDER_PATH)/DogPoopTracker";
			};
			name = Debug;
		};
		ADDF0B4B2DB4C2440079666A /* Release */ = {
			isa = XCBuildConfiguration;
			buildSettings = {
				BUNDLE_LOADER = "$(TEST_HOST)";
				CODE_SIGN_STYLE = Automatic;
				CURRENT_PROJECT_VERSION = 1;
				DEVELOPMENT_TEAM = 87BA6A9A8H;
				GENERATE_INFOPLIST_FILE = YES;
				IPHONEOS_DEPLOYMENT_TARGET = 18.1;
				MARKETING_VERSION = 1.0;
				PRODUCT_BUNDLE_IDENTIFIER = garun.DogPoopTrackerTests;
				PRODUCT_NAME = "$(TARGET_NAME)";
				SWIFT_EMIT_LOC_STRINGS = NO;
				SWIFT_VERSION = 5.0;
				TARGETED_DEVICE_FAMILY = "1,2";
				TEST_HOST = "$(BUILT_PRODUCTS_DIR)/DogPoopTracker.app/$(BUNDLE_EXECUTABLE_FOLDER_PATH)/DogPoopTracker";
			};
			name = Release;
		};
		ADDF0B4D2DB4C2440079666A /* Debug */ = {
			isa = XCBuildConfiguration;
			buildSettings = {
				CODE_SIGN_STYLE = Automatic;
				CURRENT_PROJECT_VERSION = 1;
				DEVELOPMENT_TEAM = 87BA6A9A8H;
				GENERATE_INFOPLIST_FILE = YES;
				MARKETING_VERSION = 1.0;
				PRODUCT_BUNDLE_IDENTIFIER = garun.DogPoopTrackerUITests;
				PRODUCT_NAME = "$(TARGET_NAME)";
				SWIFT_EMIT_LOC_STRINGS = NO;
				SWIFT_VERSION = 5.0;
				TARGETED_DEVICE_FAMILY = "1,2";
				TEST_TARGET_NAME = DogPoopTracker;
			};
			name = Debug;
		};
		ADDF0B4E2DB4C2440079666A /* Release */ = {
			isa = XCBuildConfiguration;
			buildSettings = {
				CODE_SIGN_STYLE = Automatic;
				CURRENT_PROJECT_VERSION = 1;
				DEVELOPMENT_TEAM = 87BA6A9A8H;
				GENERATE_INFOPLIST_FILE = YES;
				MARKETING_VERSION = 1.0;
				PRODUCT_BUNDLE_IDENTIFIER = garun.DogPoopTrackerUITests;
				PRODUCT_NAME = "$(TARGET_NAME)";
				SWIFT_EMIT_LOC_STRINGS = NO;
				SWIFT_VERSION = 5.0;
				TARGETED_DEVICE_FAMILY = "1,2";
				TEST_TARGET_NAME = DogPoopTracker;
			};
			name = Release;
		};
/* End XCBuildConfiguration section */

/* Begin XCConfigurationList section */
		ADDF0B1D2DB4C2420079666A /* Build configuration list for PBXProject "DogPoopTracker" */ = {
			isa = XCConfigurationList;
			buildConfigurations = (
				ADDF0B442DB4C2440079666A /* Debug */,
				ADDF0B452DB4C2440079666A /* Release */,
			);
			defaultConfigurationIsVisible = 0;
			defaultConfigurationName = Release;
		};
		ADDF0B462DB4C2440079666A /* Build configuration list for PBXNativeTarget "DogPoopTracker" */ = {
			isa = XCConfigurationList;
			buildConfigurations = (
				ADDF0B472DB4C2440079666A /* Debug */,
				ADDF0B482DB4C2440079666A /* Release */,
			);
			defaultConfigurationIsVisible = 0;
			defaultConfigurationName = Release;
		};
		ADDF0B492DB4C2440079666A /* Build configuration list for PBXNativeTarget "DogPoopTrackerTests" */ = {
			isa = XCConfigurationList;
			buildConfigurations = (
				ADDF0B4A2DB4C2440079666A /* Debug */,
				ADDF0B4B2DB4C2440079666A /* Release */,
			);
			defaultConfigurationIsVisible = 0;
			defaultConfigurationName = Release;
		};
		ADDF0B4C2DB4C2440079666A /* Build configuration list for PBXNativeTarget "DogPoopTrackerUITests" */ = {
			isa = XCConfigurationList;
			buildConfigurations = (
				ADDF0B4D2DB4C2440079666A /* Debug */,
				ADDF0B4E2DB4C2440079666A /* Release */,
			);
			defaultConfigurationIsVisible = 0;
			defaultConfigurationName = Release;
		};
/* End XCConfigurationList section */
	};
	rootObject = ADDF0B1A2DB4C2420079666A /* Project object */;
}
